
Microsoft Visual Studio Solution File, Format Version 12.00
# Visual Studio 15
VisualStudioVersion = 15.0.27130.2020
MinimumVisualStudioVersion = 10.0.40219.1
Project("{FAE04EC0-301F-11D3-BF4B-00C04F79EFBC}") = "Assignment 4", "Asigment 4\Assignment 4.csproj", "{DD952C62-6BC8-4E46-9895-A5209E275A76}"
EndProject
Project("{FAE04EC0-301F-11D3-BF4B-00C04F79EFBC}") = "Assignment 3", "Asignment 3\Assignment 3.csproj", "{E5A80F63-AA00-4289-9A95-9E7022BEE56D}"
EndProject
Project("{2150E333-8FDC-42A3-9474-1A3956D46DE8}") = "Solution Items", "Solution Items", "{911AD69B-E7A1-48C3-BDE5-64ABA7FD02B2}"
	ProjectSection(SolutionItems) = preProject
		README.txt = README.txt
	EndProjectSection
EndProject
Global
	GlobalSection(SolutionConfigurationPlatforms) = preSolution
		Debug|Any CPU = Debug|Any CPU
		Release|Any CPU = Release|Any CPU
	EndGlobalSection
	GlobalSection(ProjectConfigurationPlatforms) = postSolution
		{DD952C62-6BC8-4E46-9895-A5209E275A76}.Debug|Any CPU.ActiveCfg = Debug|Any CPU
		{DD952C62-6BC8-4E46-9895-A5209E275A76}.Debug|Any CPU.Build.0 = Debug|Any CPU
		{DD952C62-6BC8-4E46-9895-A5209E275A76}.Release|Any CPU.ActiveCfg = Release|Any CPU
		{DD952C62-6BC8-4E46-9895-A5209E275A76}.Release|Any CPU.Build.0 = Release|Any CPU
		{E5A80F63-AA00-4289-9A95-9E7022BEE56D}.Debug|Any CPU.ActiveCfg = Debug|Any CPU
		{E5A80F63-AA00-4289-9A95-9E7022BEE56D}.Debug|Any CPU.Build.0 = Debug|Any CPU
		{E5A80F63-AA00-4289-9A95-9E7022BEE56D}.Release|Any CPU.ActiveCfg = Release|Any CPU
		{E5A80F63-AA00-4289-9A95-9E7022BEE56D}.Release|Any CPU.Build.0 = Release|Any CPU
	EndGlobalSection
	GlobalSection(SolutionProperties) = preSolution
		HideSolutionNode = FALSE
	EndGlobalSection
	GlobalSection(ExtensibilityGlobals) = postSolution
		SolutionGuid = {41EFB0D7-1E56-44B4-AECF-22B89222277D}
	EndGlobalSection
EndGlobal
